
Microsoft Visual Studio Solution File, Format Version 12.00
# Visual Studio Version 17
VisualStudioVersion = 17.0.32126.317
MinimumVisualStudioVersion = 10.0.40219.1
Project("{9A19103F-16F7-4668-BE54-9A1E7A4F7556}") = "ParametricCurve", "ParametricCurve\ParametricCurve.csproj", "{16F2B409-54A9-464D-AC3C-057CE1C5D7EC}"
EndProject
Project("{9A19103F-16F7-4668-BE54-9A1E7A4F7556}") = "CurveLib", "CurveLib\CurveLib.csproj", "{04DCCB53-346C-4951-8FF7-629AD6A8AB14}"
EndProject
Project("{FAE04EC0-301F-11D3-BF4B-00C04F79EFBC}") = "CurveLibTest", "CurveLibTest\CurveLibTest.csproj", "{EB51B579-3E8B-4B93-8972-C8A19223C541}"
EndProject
Global
	GlobalSection(SolutionConfigurationPlatforms) = preSolution
		Debug|Any CPU = Debug|Any CPU
		Release|Any CPU = Release|Any CPU
	EndGlobalSection
	GlobalSection(ProjectConfigurationPlatforms) = postSolution
		{16F2B409-54A9-464D-AC3C-057CE1C5D7EC}.Debug|Any CPU.ActiveCfg = Debug|Any CPU
		{16F2B409-54A9-464D-AC3C-057CE1C5D7EC}.Debug|Any CPU.Build.0 = Debug|Any CPU
		{16F2B409-54A9-464D-AC3C-057CE1C5D7EC}.Release|Any CPU.ActiveCfg = Release|Any CPU
		{16F2B409-54A9-464D-AC3C-057CE1C5D7EC}.Release|Any CPU.Build.0 = Release|Any CPU
		{04DCCB53-346C-4951-8FF7-629AD6A8AB14}.Debug|Any CPU.ActiveCfg = Debug|Any CPU
		{04DCCB53-346C-4951-8FF7-629AD6A8AB14}.Debug|Any CPU.Build.0 = Debug|Any CPU
		{04DCCB53-346C-4951-8FF7-629AD6A8AB14}.Release|Any CPU.ActiveCfg = Release|Any CPU
		{04DCCB53-346C-4951-8FF7-629AD6A8AB14}.Release|Any CPU.Build.0 = Release|Any CPU
		{EB51B579-3E8B-4B93-8972-C8A19223C541}.Debug|Any CPU.ActiveCfg = Debug|Any CPU
		{EB51B579-3E8B-4B93-8972-C8A19223C541}.Debug|Any CPU.Build.0 = Debug|Any CPU
		{EB51B579-3E8B-4B93-8972-C8A19223C541}.Release|Any CPU.ActiveCfg = Release|Any CPU
		{EB51B579-3E8B-4B93-8972-C8A19223C541}.Release|Any CPU.Build.0 = Release|Any CPU
	EndGlobalSection
	GlobalSection(SolutionProperties) = preSolution
		HideSolutionNode = FALSE
	EndGlobalSection
	GlobalSection(ExtensibilityGlobals) = postSolution
		SolutionGuid = {BC1E1AD8-3D47-4653-9826-90D6E909B5D1}
	EndGlobalSection
EndGlobal
